
Microsoft Visual Studio Solution File, Format Version 12.00
# Visual Studio 15
VisualStudioVersion = 15.0.26124.0
MinimumVisualStudioVersion = 15.0.26124.0
Project("{FAE04EC0-301F-11D3-BF4B-00C04F79EFBC}") = "GameTop", "GameTop\GameTop.csproj", "{BB83BF99-A4C1-40A1-8D59-8683465E676E}"
EndProject
Project("{FAE04EC0-301F-11D3-BF4B-00C04F79EFBC}") = "GameTop.Lib", "GameTop.Lib\GameTop.Lib.csproj", "{374F5466-FB16-4069-93EB-20CCAF360C02}"
EndProject
Project("{FAE04EC0-301F-11D3-BF4B-00C04F79EFBC}") = "GameTop.Interface", "GameTop.Interface\GameTop.Interface.csproj", "{A97C4981-017C-41CF-8A87-B6D075DC32D1}"
EndProject
Global
	GlobalSection(SolutionConfigurationPlatforms) = preSolution
		Debug|Any CPU = Debug|Any CPU
		Debug|x64 = Debug|x64
		Debug|x86 = Debug|x86
		Release|Any CPU = Release|Any CPU
		Release|x64 = Release|x64
		Release|x86 = Release|x86
	EndGlobalSection
	GlobalSection(SolutionProperties) = preSolution
		HideSolutionNode = FALSE
	EndGlobalSection
	GlobalSection(ProjectConfigurationPlatforms) = postSolution
		{BB83BF99-A4C1-40A1-8D59-8683465E676E}.Debug|Any CPU.ActiveCfg = Debug|Any CPU
		{BB83BF99-A4C1-40A1-8D59-8683465E676E}.Debug|Any CPU.Build.0 = Debug|Any CPU
		{BB83BF99-A4C1-40A1-8D59-8683465E676E}.Debug|x64.ActiveCfg = Debug|Any CPU
		{BB83BF99-A4C1-40A1-8D59-8683465E676E}.Debug|x64.Build.0 = Debug|Any CPU
		{BB83BF99-A4C1-40A1-8D59-8683465E676E}.Debug|x86.ActiveCfg = Debug|Any CPU
		{BB83BF99-A4C1-40A1-8D59-8683465E676E}.Debug|x86.Build.0 = Debug|Any CPU
		{BB83BF99-A4C1-40A1-8D59-8683465E676E}.Release|Any CPU.ActiveCfg = Release|Any CPU
		{BB83BF99-A4C1-40A1-8D59-8683465E676E}.Release|Any CPU.Build.0 = Release|Any CPU
		{BB83BF99-A4C1-40A1-8D59-8683465E676E}.Release|x64.ActiveCfg = Release|Any CPU
		{BB83BF99-A4C1-40A1-8D59-8683465E676E}.Release|x64.Build.0 = Release|Any CPU
		{BB83BF99-A4C1-40A1-8D59-8683465E676E}.Release|x86.ActiveCfg = Release|Any CPU
		{BB83BF99-A4C1-40A1-8D59-8683465E676E}.Release|x86.Build.0 = Release|Any CPU
		{374F5466-FB16-4069-93EB-20CCAF360C02}.Debug|Any CPU.ActiveCfg = Debug|Any CPU
		{374F5466-FB16-4069-93EB-20CCAF360C02}.Debug|Any CPU.Build.0 = Debug|Any CPU
		{374F5466-FB16-4069-93EB-20CCAF360C02}.Debug|x64.ActiveCfg = Debug|Any CPU
		{374F5466-FB16-4069-93EB-20CCAF360C02}.Debug|x64.Build.0 = Debug|Any CPU
		{374F5466-FB16-4069-93EB-20CCAF360C02}.Debug|x86.ActiveCfg = Debug|Any CPU
		{374F5466-FB16-4069-93EB-20CCAF360C02}.Debug|x86.Build.0 = Debug|Any CPU
		{374F5466-FB16-4069-93EB-20CCAF360C02}.Release|Any CPU.ActiveCfg = Release|Any CPU
		{374F5466-FB16-4069-93EB-20CCAF360C02}.Release|Any CPU.Build.0 = Release|Any CPU
		{374F5466-FB16-4069-93EB-20CCAF360C02}.Release|x64.ActiveCfg = Release|Any CPU
		{374F5466-FB16-4069-93EB-20CCAF360C02}.Release|x64.Build.0 = Release|Any CPU
		{374F5466-FB16-4069-93EB-20CCAF360C02}.Release|x86.ActiveCfg = Release|Any CPU
		{374F5466-FB16-4069-93EB-20CCAF360C02}.Release|x86.Build.0 = Release|Any CPU
		{A97C4981-017C-41CF-8A87-B6D075DC32D1}.Debug|Any CPU.ActiveCfg = Debug|Any CPU
		{A97C4981-017C-41CF-8A87-B6D075DC32D1}.Debug|Any CPU.Build.0 = Debug|Any CPU
		{A97C4981-017C-41CF-8A87-B6D075DC32D1}.Debug|x64.ActiveCfg = Debug|Any CPU
		{A97C4981-017C-41CF-8A87-B6D075DC32D1}.Debug|x64.Build.0 = Debug|Any CPU
		{A97C4981-017C-41CF-8A87-B6D075DC32D1}.Debug|x86.ActiveCfg = Debug|Any CPU
		{A97C4981-017C-41CF-8A87-B6D075DC32D1}.Debug|x86.Build.0 = Debug|Any CPU
		{A97C4981-017C-41CF-8A87-B6D075DC32D1}.Release|Any CPU.ActiveCfg = Release|Any CPU
		{A97C4981-017C-41CF-8A87-B6D075DC32D1}.Release|Any CPU.Build.0 = Release|Any CPU
		{A97C4981-017C-41CF-8A87-B6D075DC32D1}.Release|x64.ActiveCfg = Release|Any CPU
		{A97C4981-017C-41CF-8A87-B6D075DC32D1}.Release|x64.Build.0 = Release|Any CPU
		{A97C4981-017C-41CF-8A87-B6D075DC32D1}.Release|x86.ActiveCfg = Release|Any CPU
		{A97C4981-017C-41CF-8A87-B6D075DC32D1}.Release|x86.Build.0 = Release|Any CPU
	EndGlobalSection
EndGlobal
